{
  "requires": true,
  "lockfileVersion": 1,
  "dependencies": {
    "leaflet": {
      "version": "1.5.1",
      "resolved": "https://registry.npmjs.org/leaflet/-/leaflet-1.5.1.tgz",
      "integrity": "sha512-ekM9KAeG99tYisNBg0IzEywAlp0hYI5XRipsqRXyRTeuU8jcuntilpp+eFf5gaE0xubc9RuSNIVtByEKwqFV0w=="
    },
    "leaflet.zoompanel": {
      "version": "1.0.0",
      "resolved": "https://registry.npmjs.org/leaflet.zoompanel/-/leaflet.zoompanel-1.0.0.tgz",
      "integrity": "sha512-eNXgqXJ1wXA1i84ongBqSG9h5mfqJmNip74jR9bN+pIHtbJUHhdSJbw7HJkKd5CAjei1Wnu+gTj3erLRfcmWGg==",
      "requires": {
        "leaflet": "^1.5.1"
      }
    }
  }
}
